
Microsoft Visual Studio Solution File, Format Version 12.00
# Visual Studio 2012
Project("{8BC9CEB8-8B4A-11D0-8D11-00A0C91BC942}") = "Selection Sort", "Selection Sort\Selection Sort.vcxproj", "{AFCD2D88-FD69-4733-A00B-DE230458792E}"
EndProject
Global
	GlobalSection(SolutionConfigurationPlatforms) = preSolution
		Debug|Win32 = Debug|Win32
		Release|Win32 = Release|Win32
	EndGlobalSection
	GlobalSection(ProjectConfigurationPlatforms) = postSolution
		{AFCD2D88-FD69-4733-A00B-DE230458792E}.Debug|Win32.ActiveCfg = Debug|Win32
		{AFCD2D88-FD69-4733-A00B-DE230458792E}.Debug|Win32.Build.0 = Debug|Win32
		{AFCD2D88-FD69-4733-A00B-DE230458792E}.Release|Win32.ActiveCfg = Release|Win32
		{AFCD2D88-FD69-4733-A00B-DE230458792E}.Release|Win32.Build.0 = Release|Win32
	EndGlobalSection
	GlobalSection(SolutionProperties) = preSolution
		HideSolutionNode = FALSE
	EndGlobalSection
EndGlobal
